// !$*UTF8*$!
{
	archiveVersion = 1;
	classes = {
	};
	objectVersion = 46;
	objects = {

/* Begin PBXBuildFile section */
		28329A8016FC920D00425630 /* UIKit.framework in Frameworks */ = {isa = PBXBuildFile; fileRef = 28329A7F16FC920D00425630 /* UIKit.framework */; };
		28329A8216FC920D00425630 /* Foundation.framework in Frameworks */ = {isa = PBXBuildFile; fileRef = 28329A8116FC920D00425630 /* Foundation.framework */; };
		28329A8416FC920D00425630 /* CoreGraphics.framework in Frameworks */ = {isa = PBXBuildFile; fileRef = 28329A8316FC920D00425630 /* CoreGraphics.framework */; };
		28329A8A16FC920D00425630 /* InfoPlist.strings in Resources */ = {isa = PBXBuildFile; fileRef = 28329A8816FC920D00425630 /* InfoPlist.strings */; };
		28329A8C16FC920D00425630 /* main.m in Sources */ = {isa = PBXBuildFile; fileRef = 28329A8B16FC920D00425630 /* main.m */; };
		28329A9016FC920D00425630 /* PPSAppDelegate.m in Sources */ = {isa = PBXBuildFile; fileRef = 28329A8F16FC920D00425630 /* PPSAppDelegate.m */; };
		28329A9216FC920D00425630 /* Default.png in Resources */ = {isa = PBXBuildFile; fileRef = 28329A9116FC920D00425630 /* Default.png */; };
		28329A9416FC920D00425630 /* Default@2x.png in Resources */ = {isa = PBXBuildFile; fileRef = 28329A9316FC920D00425630 /* Default@2x.png */; };
		28329A9616FC920D00425630 /* Default-568h@2x.png in Resources */ = {isa = PBXBuildFile; fileRef = 28329A9516FC920D00425630 /* Default-568h@2x.png */; };
		28329A9C16FC920D00425630 /* PPSViewController.xib in Resources */ = {isa = PBXBuildFile; fileRef = 28329A9A16FC920D00425630 /* PPSViewController.xib */; };
		28329AA916FC946000425630 /* PPSViewController.m in Sources */ = {isa = PBXBuildFile; fileRef = 28329AA816FC946000425630 /* PPSViewController.m */; };
		28329AAC16FC94B700425630 /* PPSDataModel.m in Sources */ = {isa = PBXBuildFile; fileRef = 28329AAB16FC94B700425630 /* PPSDataModel.m */; };
		28329AAF16FC96FF00425630 /* PPSHomeRootItem.m in Sources */ = {isa = PBXBuildFile; fileRef = 28329AAE16FC96FF00425630 /* PPSHomeRootItem.m */; };
		28329AB216FC974A00425630 /* sample.json in Resources */ = {isa = PBXBuildFile; fileRef = 28329AB116FC974A00425630 /* sample.json */; };
		28329AB516FC998300425630 /* PPSWorkItem.m in Sources */ = {isa = PBXBuildFile; fileRef = 28329AB416FC998300425630 /* PPSWorkItem.m */; };
		286BB05217AD4BD300251C77 /* README.md in Resources */ = {isa = PBXBuildFile; fileRef = 286BB05117AD4BD300251C77 /* README.md */; };
		A5E3DFB368C34845ABE41487 /* libPods.a in Frameworks */ = {isa = PBXBuildFile; fileRef = EF0094053301482E9FF05FE4 /* libPods.a */; };
/* End PBXBuildFile section */

/* Begin PBXFileReference section */
		28329A7C16FC920D00425630 /* BlockEx.app */ = {isa = PBXFileReference; explicitFileType = wrapper.application; includeInIndex = 0; path = BlockEx.app; sourceTree = BUILT_PRODUCTS_DIR; };
		28329A7F16FC920D00425630 /* UIKit.framework */ = {isa = PBXFileReference; lastKnownFileType = wrapper.framework; name = UIKit.framework; path = System/Library/Frameworks/UIKit.framework; sourceTree = SDKROOT; };
		28329A8116FC920D00425630 /* Foundation.framework */ = {isa = PBXFileReference; lastKnownFileType = wrapper.framework; name = Foundation.framework; path = System/Library/Frameworks/Foundation.framework; sourceTree = SDKROOT; };
		28329A8316FC920D00425630 /* CoreGraphics.framework */ = {isa = PBXFileReference; lastKnownFileType = wrapper.framework; name = CoreGraphics.framework; path = System/Library/Frameworks/CoreGraphics.framework; sourceTree = SDKROOT; };
		28329A8716FC920D00425630 /* BlockEx-Info.plist */ = {isa = PBXFileReference; lastKnownFileType = text.plist.xml; path = "BlockEx-Info.plist"; sourceTree = "<group>"; };
		28329A8916FC920D00425630 /* en */ = {isa = PBXFileReference; lastKnownFileType = text.plist.strings; name = en; path = en.lproj/InfoPlist.strings; sourceTree = "<group>"; };
		28329A8B16FC920D00425630 /* main.m */ = {isa = PBXFileReference; lastKnownFileType = sourcecode.c.objc; path = main.m; sourceTree = "<group>"; };
		28329A8D16FC920D00425630 /* BlockEx-Prefix.pch */ = {isa = PBXFileReference; lastKnownFileType = sourcecode.c.h; path = "BlockEx-Prefix.pch"; sourceTree = "<group>"; };
		28329A8E16FC920D00425630 /* PPSAppDelegate.h */ = {isa = PBXFileReference; lastKnownFileType = sourcecode.c.h; path = PPSAppDelegate.h; sourceTree = "<group>"; };
		28329A8F16FC920D00425630 /* PPSAppDelegate.m */ = {isa = PBXFileReference; lastKnownFileType = sourcecode.c.objc; path = PPSAppDelegate.m; sourceTree = "<group>"; };
		28329A9116FC920D00425630 /* Default.png */ = {isa = PBXFileReference; lastKnownFileType = image.png; path = Default.png; sourceTree = "<group>"; };
		28329A9316FC920D00425630 /* Default@2x.png */ = {isa = PBXFileReference; lastKnownFileType = image.png; path = "Default@2x.png"; sourceTree = "<group>"; };
		28329A9516FC920D00425630 /* Default-568h@2x.png */ = {isa = PBXFileReference; lastKnownFileType = image.png; path = "Default-568h@2x.png"; sourceTree = "<group>"; };
		28329A9B16FC920D00425630 /* en */ = {isa = PBXFileReference; lastKnownFileType = file.xib; name = en; path = en.lproj/PPSViewController.xib; sourceTree = "<group>"; };
		28329AA716FC946000425630 /* PPSViewController.h */ = {isa = PBXFileReference; fileEncoding = 4; lastKnownFileType = sourcecode.c.h; name = PPSViewController.h; path = work/Item/PPSViewController.h; sourceTree = "<group>"; };
		28329AA816FC946000425630 /* PPSViewController.m */ = {isa = PBXFileReference; fileEncoding = 4; lastKnownFileType = sourcecode.c.objc; name = PPSViewController.m; path = work/Item/PPSViewController.m; sourceTree = "<group>"; };
		28329AAA16FC94B700425630 /* PPSDataModel.h */ = {isa = PBXFileReference; fileEncoding = 4; lastKnownFileType = sourcecode.c.h; path = PPSDataModel.h; sourceTree = "<group>"; };
		28329AAB16FC94B700425630 /* PPSDataModel.m */ = {isa = PBXFileReference; fileEncoding = 4; lastKnownFileType = sourcecode.c.objc; path = PPSDataModel.m; sourceTree = "<group>"; };
		28329AAD16FC96FF00425630 /* PPSHomeRootItem.h */ = {isa = PBXFileReference; fileEncoding = 4; lastKnownFileType = sourcecode.c.h; path = PPSHomeRootItem.h; sourceTree = "<group>"; };
		28329AAE16FC96FF00425630 /* PPSHomeRootItem.m */ = {isa = PBXFileReference; fileEncoding = 4; lastKnownFileType = sourcecode.c.objc; path = PPSHomeRootItem.m; sourceTree = "<group>"; };
		28329AB116FC974A00425630 /* sample.json */ = {isa = PBXFileReference; fileEncoding = 4; lastKnownFileType = text.json; path = sample.json; sourceTree = "<group>"; };
		28329AB316FC998300425630 /* PPSWorkItem.h */ = {isa = PBXFileReference; fileEncoding = 4; lastKnownFileType = sourcecode.c.h; path = PPSWorkItem.h; sourceTree = "<group>"; };
		28329AB416FC998300425630 /* PPSWorkItem.m */ = {isa = PBXFileReference; fileEncoding = 4; lastKnownFileType = sourcecode.c.objc; path = PPSWorkItem.m; sourceTree = "<group>"; };
		286BB05017AD49B800251C77 /* CommonDefines.h */ = {isa = PBXFileReference; fileEncoding = 4; lastKnownFileType = sourcecode.c.h; path = CommonDefines.h; sourceTree = "<group>"; };
		286BB05117AD4BD300251C77 /* README.md */ = {isa = PBXFileReference; fileEncoding = 4; lastKnownFileType = text; path = README.md; sourceTree = "<group>"; };
		C12465AA33F142D4A39A6320 /* Pods.xcconfig */ = {isa = PBXFileReference; includeInIndex = 1; lastKnownFileType = text.xcconfig; name = Pods.xcconfig; path = Pods/Pods.xcconfig; sourceTree = SOURCE_ROOT; };
		EF0094053301482E9FF05FE4 /* libPods.a */ = {isa = PBXFileReference; explicitFileType = archive.ar; includeInIndex = 0; path = libPods.a; sourceTree = BUILT_PRODUCTS_DIR; };
/* End PBXFileReference section */

/* Begin PBXFrameworksBuildPhase section */
		28329A7916FC920D00425630 /* Frameworks */ = {
			isa = PBXFrameworksBuildPhase;
			buildActionMask = 2147483647;
			files = (
				28329A8016FC920D00425630 /* UIKit.framework in Frameworks */,
				28329A8216FC920D00425630 /* Foundation.framework in Frameworks */,
				28329A8416FC920D00425630 /* CoreGraphics.framework in Frameworks */,
				A5E3DFB368C34845ABE41487 /* libPods.a in Frameworks */,
			);
			runOnlyForDeploymentPostprocessing = 0;
		};
/* End PBXFrameworksBuildPhase section */

/* Begin PBXGroup section */
		28329A7316FC920D00425630 = {
			isa = PBXGroup;
			children = (
				28329A8516FC920D00425630 /* BlockEx */,
				28329A7E16FC920D00425630 /* Frameworks */,
				28329A7D16FC920D00425630 /* Products */,
				C12465AA33F142D4A39A6320 /* Pods.xcconfig */,
			);
			sourceTree = "<group>";
		};
		28329A7D16FC920D00425630 /* Products */ = {
			isa = PBXGroup;
			children = (
				28329A7C16FC920D00425630 /* BlockEx.app */,
			);
			name = Products;
			sourceTree = "<group>";
		};
		28329A7E16FC920D00425630 /* Frameworks */ = {
			isa = PBXGroup;
			children = (
				28329A7F16FC920D00425630 /* UIKit.framework */,
				28329A8116FC920D00425630 /* Foundation.framework */,
				28329A8316FC920D00425630 /* CoreGraphics.framework */,
				EF0094053301482E9FF05FE4 /* libPods.a */,
			);
			name = Frameworks;
			sourceTree = "<group>";
		};
		28329A8516FC920D00425630 /* BlockEx */ = {
			isa = PBXGroup;
			children = (
				28329AB016FC974A00425630 /* offline */,
				28329AA316FC93DE00425630 /* work */,
				28329A8E16FC920D00425630 /* PPSAppDelegate.h */,
				28329A8F16FC920D00425630 /* PPSAppDelegate.m */,
				286BB05017AD49B800251C77 /* CommonDefines.h */,
				286BB05117AD4BD300251C77 /* README.md */,
				28329A8616FC920D00425630 /* Supporting Files */,
			);
			path = BlockEx;
			sourceTree = "<group>";
		};
		28329A8616FC920D00425630 /* Supporting Files */ = {
			isa = PBXGroup;
			children = (
				28329A8716FC920D00425630 /* BlockEx-Info.plist */,
				28329A8816FC920D00425630 /* InfoPlist.strings */,
				28329A8B16FC920D00425630 /* main.m */,
				28329A8D16FC920D00425630 /* BlockEx-Prefix.pch */,
				28329A9116FC920D00425630 /* Default.png */,
				28329A9316FC920D00425630 /* Default@2x.png */,
				28329A9516FC920D00425630 /* Default-568h@2x.png */,
			);
			name = "Supporting Files";
			sourceTree = "<group>";
		};
		28329AA216FC92C500425630 /* ViewController */ = {
			isa = PBXGroup;
			children = (
				28329AA716FC946000425630 /* PPSViewController.h */,
				28329AA816FC946000425630 /* PPSViewController.m */,
				28329A9A16FC920D00425630 /* PPSViewController.xib */,
			);
			name = ViewController;
			path = ../..;
			sourceTree = "<group>";
		};
		28329AA316FC93DE00425630 /* work */ = {
			isa = PBXGroup;
			children = (
				28329AA416FC93DE00425630 /* 3rd */,
				28329AA516FC93DE00425630 /* Item */,
				28329AA616FC93DE00425630 /* Model */,
			);
			path = work;
			sourceTree = "<group>";
		};
		28329AA416FC93DE00425630 /* 3rd */ = {
			isa = PBXGroup;
			children = (
				28329AAA16FC94B700425630 /* PPSDataModel.h */,
				28329AAB16FC94B700425630 /* PPSDataModel.m */,
				28329AAD16FC96FF00425630 /* PPSHomeRootItem.h */,
				28329AAE16FC96FF00425630 /* PPSHomeRootItem.m */,
				28329AB316FC998300425630 /* PPSWorkItem.h */,
				28329AB416FC998300425630 /* PPSWorkItem.m */,
			);
			path = 3rd;
			sourceTree = "<group>";
		};
		28329AA516FC93DE00425630 /* Item */ = {
			isa = PBXGroup;
			children = (
				28329AA216FC92C500425630 /* ViewController */,
			);
			path = Item;
			sourceTree = "<group>";
		};
		28329AA616FC93DE00425630 /* Model */ = {
			isa = PBXGroup;
			children = (
			);
			path = Model;
			sourceTree = "<group>";
		};
		28329AB016FC974A00425630 /* offline */ = {
			isa = PBXGroup;
			children = (
				28329AB116FC974A00425630 /* sample.json */,
			);
			path = offline;
			sourceTree = "<group>";
		};
/* End PBXGroup section */

/* Begin PBXNativeTarget section */
		28329A7B16FC920D00425630 /* BlockEx */ = {
			isa = PBXNativeTarget;
			buildConfigurationList = 28329A9F16FC920D00425630 /* Build configuration list for PBXNativeTarget "BlockEx" */;
			buildPhases = (
				28329A7816FC920D00425630 /* Sources */,
				28329A7916FC920D00425630 /* Frameworks */,
				28329A7A16FC920D00425630 /* Resources */,
				1FBAC5949FC448A4BE92279C /* Copy Pods Resources */,
			);
			buildRules = (
			);
			dependencies = (
			);
			name = BlockEx;
			productName = BlockEx;
			productReference = 28329A7C16FC920D00425630 /* BlockEx.app */;
			productType = "com.apple.product-type.application";
		};
/* End PBXNativeTarget section */

/* Begin PBXProject section */
		28329A7416FC920D00425630 /* Project object */ = {
			isa = PBXProject;
			attributes = {
				CLASSPREFIX = PPS;
				LastUpgradeCheck = 0460;
				ORGANIZATIONNAME = Paopaosa;
			};
			buildConfigurationList = 28329A7716FC920D00425630 /* Build configuration list for PBXProject "BlockEx" */;
			compatibilityVersion = "Xcode 3.2";
			developmentRegion = English;
			hasScannedForEncodings = 0;
			knownRegions = (
				en,
			);
			mainGroup = 28329A7316FC920D00425630;
			productRefGroup = 28329A7D16FC920D00425630 /* Products */;
			projectDirPath = "";
			projectRoot = "";
			targets = (
				28329A7B16FC920D00425630 /* BlockEx */,
			);
		};
/* End PBXProject section */

/* Begin PBXResourcesBuildPhase section */
		28329A7A16FC920D00425630 /* Resources */ = {
			isa = PBXResourcesBuildPhase;
			buildActionMask = 2147483647;
			files = (
				28329A8A16FC920D00425630 /* InfoPlist.strings in Resources */,
				28329A9216FC920D00425630 /* Default.png in Resources */,
				28329A9416FC920D00425630 /* Default@2x.png in Resources */,
				28329A9616FC920D00425630 /* Default-568h@2x.png in Resources */,
				28329A9C16FC920D00425630 /* PPSViewController.xib in Resources */,
				28329AB216FC974A00425630 /* sample.json in Resources */,
				286BB05217AD4BD300251C77 /* README.md in Resources */,
			);
			runOnlyForDeploymentPostprocessing = 0;
		};
/* End PBXResourcesBuildPhase section */

/* Begin PBXShellScriptBuildPhase section */
		1FBAC5949FC448A4BE92279C /* Copy Pods Resources */ = {
			isa = PBXShellScriptBuildPhase;
			buildActionMask = 2147483647;
			files = (
			);
			inputPaths = (
			);
			name = "Copy Pods Resources";
			outputPaths = (
			);
			runOnlyForDeploymentPostprocessing = 0;
			shellPath = /bin/sh;
			shellScript = "\"${SRCROOT}/Pods/Pods-resources.sh\"\n";
		};
/* End PBXShellScriptBuildPhase section */

/* Begin PBXSourcesBuildPhase section */
		28329A7816FC920D00425630 /* Sources */ = {
			isa = PBXSourcesBuildPhase;
			buildActionMask = 2147483647;
			files = (
				28329A8C16FC920D00425630 /* main.m in Sources */,
				28329A9016FC920D00425630 /* PPSAppDelegate.m in Sources */,
				28329AA916FC946000425630 /* PPSViewController.m in Sources */,
				28329AAC16FC94B700425630 /* PPSDataModel.m in Sources */,
				28329AAF16FC96FF00425630 /* PPSHomeRootItem.m in Sources */,
				28329AB516FC998300425630 /* PPSWorkItem.m in Sources */,
			);
			runOnlyForDeploymentPostprocessing = 0;
		};
/* End PBXSourcesBuildPhase section */

/* Begin PBXVariantGroup section */
		28329A8816FC920D00425630 /* InfoPlist.strings */ = {
			isa = PBXVariantGroup;
			children = (
				28329A8916FC920D00425630 /* en */,
			);
			name = InfoPlist.strings;
			sourceTree = "<group>";
		};
		28329A9A16FC920D00425630 /* PPSViewController.xib */ = {
			isa = PBXVariantGroup;
			children = (
				28329A9B16FC920D00425630 /* en */,
			);
			name = PPSViewController.xib;
			sourceTree = "<group>";
		};
/* End PBXVariantGroup section */

/* Begin XCBuildConfiguration section */
		28329A9D16FC920D00425630 /* Debug */ = {
			isa = XCBuildConfiguration;
			buildSettings = {
				ALWAYS_SEARCH_USER_PATHS = NO;
				CLANG_CXX_LANGUAGE_STANDARD = "gnu++0x";
				CLANG_CXX_LIBRARY = "libc++";
				CLANG_ENABLE_OBJC_ARC = YES;
				CLANG_WARN_CONSTANT_CONVERSION = YES;
				CLANG_WARN_EMPTY_BODY = YES;
				CLANG_WARN_ENUM_CONVERSION = YES;
				CLANG_WARN_INT_CONVERSION = YES;
				CLANG_WARN__DUPLICATE_METHOD_MATCH = YES;
				"CODE_SIGN_IDENTITY[sdk=iphoneos*]" = "iPhone Developer";
				COPY_PHASE_STRIP = NO;
				GCC_C_LANGUAGE_STANDARD = gnu99;
				GCC_DYNAMIC_NO_PIC = NO;
				GCC_OPTIMIZATION_LEVEL = 0;
				GCC_PREPROCESSOR_DEFINITIONS = (
					"DEBUG=1",
					"$(inherited)",
				);
				GCC_SYMBOLS_PRIVATE_EXTERN = NO;
				GCC_WARN_ABOUT_RETURN_TYPE = YES;
				GCC_WARN_UNINITIALIZED_AUTOS = YES;
				GCC_WARN_UNUSED_VARIABLE = YES;
				IPHONEOS_DEPLOYMENT_TARGET = 6.1;
				ONLY_ACTIVE_ARCH = YES;
				SDKROOT = iphoneos;
			};
			name = Debug;
		};
		28329A9E16FC920D00425630 /* Release */ = {
			isa = XCBuildConfiguration;
			buildSettings = {
				ALWAYS_SEARCH_USER_PATHS = NO;
				CLANG_CXX_LANGUAGE_STANDARD = "gnu++0x";
				CLANG_CXX_LIBRARY = "libc++";
				CLANG_ENABLE_OBJC_ARC = YES;
				CLANG_WARN_CONSTANT_CONVERSION = YES;
				CLANG_WARN_EMPTY_BODY = YES;
				CLANG_WARN_ENUM_CONVERSION = YES;
				CLANG_WARN_INT_CONVERSION = YES;
				CLANG_WARN__DUPLICATE_METHOD_MATCH = YES;
				"CODE_SIGN_IDENTITY[sdk=iphoneos*]" = "iPhone Developer";
				COPY_PHASE_STRIP = YES;
				GCC_C_LANGUAGE_STANDARD = gnu99;
				GCC_WARN_ABOUT_RETURN_TYPE = YES;
				GCC_WARN_UNINITIALIZED_AUTOS = YES;
				GCC_WARN_UNUSED_VARIABLE = YES;
				IPHONEOS_DEPLOYMENT_TARGET = 6.1;
				OTHER_CFLAGS = "-DNS_BLOCK_ASSERTIONS=1";
				SDKROOT = iphoneos;
				VALIDATE_PRODUCT = YES;
			};
			name = Release;
		};
		28329AA016FC920D00425630 /* Debug */ = {
			isa = XCBuildConfiguration;
			baseConfigurationReference = C12465AA33F142D4A39A6320 /* Pods.xcconfig */;
			buildSettings = {
				GCC_PRECOMPILE_PREFIX_HEADER = YES;
				GCC_PREFIX_HEADER = "BlockEx/BlockEx-Prefix.pch";
				INFOPLIST_FILE = "BlockEx/BlockEx-Info.plist";
				PRODUCT_NAME = "$(TARGET_NAME)";
				WRAPPER_EXTENSION = app;
			};
			name = Debug;
		};
		28329AA116FC920D00425630 /* Release */ = {
			isa = XCBuildConfiguration;
			baseConfigurationReference = C12465AA33F142D4A39A6320 /* Pods.xcconfig */;
			buildSettings = {
				GCC_PRECOMPILE_PREFIX_HEADER = YES;
				GCC_PREFIX_HEADER = "BlockEx/BlockEx-Prefix.pch";
				INFOPLIST_FILE = "BlockEx/BlockEx-Info.plist";
				PRODUCT_NAME = "$(TARGET_NAME)";
				WRAPPER_EXTENSION = app;
			};
			name = Release;
		};
/* End XCBuildConfiguration section */

/* Begin XCConfigurationList section */
		28329A7716FC920D00425630 /* Build configuration list for PBXProject "BlockEx" */ = {
			isa = XCConfigurationList;
			buildConfigurations = (
				28329A9D16FC920D00425630 /* Debug */,
				28329A9E16FC920D00425630 /* Release */,
			);
			defaultConfigurationIsVisible = 0;
			defaultConfigurationName = Release;
		};
		28329A9F16FC920D00425630 /* Build configuration list for PBXNativeTarget "BlockEx" */ = {
			isa = XCConfigurationList;
			buildConfigurations = (
				28329AA016FC920D00425630 /* Debug */,
				28329AA116FC920D00425630 /* Release */,
			);
			defaultConfigurationIsVisible = 0;
			defaultConfigurationName = Release;
		};
/* End XCConfigurationList section */
	};
	rootObject = 28329A7416FC920D00425630 /* Project object */;
}
